
Microsoft Visual Studio Solution File, Format Version 12.00
# Visual Studio Version 16
VisualStudioVersion = 16.0.31313.79
MinimumVisualStudioVersion = 10.0.40219.1
Project("{FAE04EC0-301F-11D3-BF4B-00C04F79EFBC}") = "WebApplication1", "WebApplication1\WebApplication1.csproj", "{CE6CABA9-4CE3-4DA4-8F06-41FDB57C1DA3}"
EndProject
Global
	GlobalSection(SolutionConfigurationPlatforms) = preSolution
		Debug|Any CPU = Debug|Any CPU
		Release|Any CPU = Release|Any CPU
	EndGlobalSection
	GlobalSection(ProjectConfigurationPlatforms) = postSolution
		{CE6CABA9-4CE3-4DA4-8F06-41FDB57C1DA3}.Debug|Any CPU.ActiveCfg = Debug|Any CPU
		{CE6CABA9-4CE3-4DA4-8F06-41FDB57C1DA3}.Debug|Any CPU.Build.0 = Debug|Any CPU
		{CE6CABA9-4CE3-4DA4-8F06-41FDB57C1DA3}.Release|Any CPU.ActiveCfg = Release|Any CPU
		{CE6CABA9-4CE3-4DA4-8F06-41FDB57C1DA3}.Release|Any CPU.Build.0 = Release|Any CPU
	EndGlobalSection
	GlobalSection(SolutionProperties) = preSolution
		HideSolutionNode = FALSE
	EndGlobalSection
	GlobalSection(ExtensibilityGlobals) = postSolution
		SolutionGuid = {ADB2D288-7723-49E9-BC51-2A377AE2A92C}
	EndGlobalSection
EndGlobal
